
Microsoft Visual Studio Solution File, Format Version 12.00
# Visual Studio Version 16
VisualStudioVersion = 16.0.29324.140
MinimumVisualStudioVersion = 10.0.40219.1
Project("{FAE04EC0-301F-11D3-BF4B-00C04F79EFBC}") = "MVCOA", "MVCOA\MVCOA.csproj", "{D0A026D4-028E-4A23-8F93-96F0562C3F91}"
EndProject
Project("{2150E333-8FDC-42A3-9474-1A3956D46DE8}") = "01UI", "01UI", "{3154D496-3115-4B1F-954B-121A4EF32AA1}"
EndProject
Project("{2150E333-8FDC-42A3-9474-1A3956D46DE8}") = "02Service", "02Service", "{855BBD89-0686-4492-847B-1C1C08300CFE}"
EndProject
Project("{2150E333-8FDC-42A3-9474-1A3956D46DE8}") = "03Respositry", "03Respositry", "{D81621F2-357A-4100-9982-6FD84CE170C0}"
EndProject
Project("{2150E333-8FDC-42A3-9474-1A3956D46DE8}") = "04Common", "04Common", "{58768F52-4BDA-4553-BE91-D881AE5243DB}"
EndProject
Project("{FAE04EC0-301F-11D3-BF4B-00C04F79EFBC}") = "MVCOA.Logic", "MVCOA.Logic\MVCOA.Logic.csproj", "{A6B04F6C-E07D-4045-BA82-6807630289CC}"
EndProject
Project("{FAE04EC0-301F-11D3-BF4B-00C04F79EFBC}") = "IBLL", "IBLL\IBLL.csproj", "{19BBF931-9B15-499D-8F3C-5ECA8A205D90}"
EndProject
Project("{FAE04EC0-301F-11D3-BF4B-00C04F79EFBC}") = "BLLA", "BLLA\BLLA.csproj", "{D25DDDA3-8ACC-4A98-907A-99650690D626}"
EndProject
Project("{FAE04EC0-301F-11D3-BF4B-00C04F79EFBC}") = "BLLB", "BLLB\BLLB.csproj", "{B0D95E69-1C4F-4E16-9200-98F486800559}"
EndProject
Project("{FAE04EC0-301F-11D3-BF4B-00C04F79EFBC}") = "IDAL", "IDAL\IDAL.csproj", "{3B598D02-1DE6-4220-B2A2-8DE16908CA50}"
EndProject
Project("{FAE04EC0-301F-11D3-BF4B-00C04F79EFBC}") = "DALMSSQL", "DALMSSQL\DALMSSQL.csproj", "{DD9E08DD-04A4-4724-B57C-25B18F9B1E55}"
EndProject
Project("{FAE04EC0-301F-11D3-BF4B-00C04F79EFBC}") = "DALMYSQL", "DALMYSQL\DALMYSQL.csproj", "{ACD53A04-759E-48E6-8FAE-F4786EFD19E2}"
EndProject
Project("{FAE04EC0-301F-11D3-BF4B-00C04F79EFBC}") = "MODEL", "MODEL\MODEL.csproj", "{CD8C3DC2-C7A5-47DB-93DC-1ADFDE7C7171}"
EndProject
Project("{FAE04EC0-301F-11D3-BF4B-00C04F79EFBC}") = "DI", "DI\DI.csproj", "{7EA7B1FB-784D-4117-B72A-B97F6822DFC1}"
EndProject
Project("{FAE04EC0-301F-11D3-BF4B-00C04F79EFBC}") = "Common", "Common\Common.csproj", "{D2DEA39B-68F9-4140-8921-BEBA530ADFC2}"
EndProject
Project("{2150E333-8FDC-42A3-9474-1A3956D46DE8}") = "00Schemal", "00Schemal", "{7BEF0F7A-9C62-4022-A7CE-9ECF49C324AE}"
	ProjectSection(SolutionItems) = preProject
		Libs\spring-objects-1.3.xsd = Libs\spring-objects-1.3.xsd
	EndProjectSection
EndProject
Project("{FAE04EC0-301F-11D3-BF4B-00C04F79EFBC}") = "MVCOA.Helper", "MVCOA.Helper\MVCOA.Helper.csproj", "{0109F43A-079D-4A54-A2A2-88213C69F078}"
EndProject
Project("{FAE04EC0-301F-11D3-BF4B-00C04F79EFBC}") = "MVCOA.Login.Admin", "MVCOA.Login.Admin\MVCOA.Login.Admin.csproj", "{C1F97422-A3FD-4096-91D2-F529D2877325}"
EndProject
Project("{FAE04EC0-301F-11D3-BF4B-00C04F79EFBC}") = "IOC", "IOC\IOC.csproj", "{5AE9B472-CD4D-44CA-A0EE-E55AE704F9B0}"
EndProject
Global
	GlobalSection(SolutionConfigurationPlatforms) = preSolution
		Debug|Any CPU = Debug|Any CPU
		Release|Any CPU = Release|Any CPU
	EndGlobalSection
	GlobalSection(ProjectConfigurationPlatforms) = postSolution
		{D0A026D4-028E-4A23-8F93-96F0562C3F91}.Debug|Any CPU.ActiveCfg = Debug|Any CPU
		{D0A026D4-028E-4A23-8F93-96F0562C3F91}.Debug|Any CPU.Build.0 = Debug|Any CPU
		{D0A026D4-028E-4A23-8F93-96F0562C3F91}.Release|Any CPU.ActiveCfg = Release|Any CPU
		{D0A026D4-028E-4A23-8F93-96F0562C3F91}.Release|Any CPU.Build.0 = Release|Any CPU
		{A6B04F6C-E07D-4045-BA82-6807630289CC}.Debug|Any CPU.ActiveCfg = Debug|Any CPU
		{A6B04F6C-E07D-4045-BA82-6807630289CC}.Debug|Any CPU.Build.0 = Debug|Any CPU
		{A6B04F6C-E07D-4045-BA82-6807630289CC}.Release|Any CPU.ActiveCfg = Release|Any CPU
		{A6B04F6C-E07D-4045-BA82-6807630289CC}.Release|Any CPU.Build.0 = Release|Any CPU
		{19BBF931-9B15-499D-8F3C-5ECA8A205D90}.Debug|Any CPU.ActiveCfg = Debug|Any CPU
		{19BBF931-9B15-499D-8F3C-5ECA8A205D90}.Debug|Any CPU.Build.0 = Debug|Any CPU
		{19BBF931-9B15-499D-8F3C-5ECA8A205D90}.Release|Any CPU.ActiveCfg = Release|Any CPU
		{19BBF931-9B15-499D-8F3C-5ECA8A205D90}.Release|Any CPU.Build.0 = Release|Any CPU
		{D25DDDA3-8ACC-4A98-907A-99650690D626}.Debug|Any CPU.ActiveCfg = Debug|Any CPU
		{D25DDDA3-8ACC-4A98-907A-99650690D626}.Debug|Any CPU.Build.0 = Debug|Any CPU
		{D25DDDA3-8ACC-4A98-907A-99650690D626}.Release|Any CPU.ActiveCfg = Release|Any CPU
		{D25DDDA3-8ACC-4A98-907A-99650690D626}.Release|Any CPU.Build.0 = Release|Any CPU
		{B0D95E69-1C4F-4E16-9200-98F486800559}.Debug|Any CPU.ActiveCfg = Debug|Any CPU
		{B0D95E69-1C4F-4E16-9200-98F486800559}.Debug|Any CPU.Build.0 = Debug|Any CPU
		{B0D95E69-1C4F-4E16-9200-98F486800559}.Release|Any CPU.ActiveCfg = Release|Any CPU
		{B0D95E69-1C4F-4E16-9200-98F486800559}.Release|Any CPU.Build.0 = Release|Any CPU
		{3B598D02-1DE6-4220-B2A2-8DE16908CA50}.Debug|Any CPU.ActiveCfg = Debug|Any CPU
		{3B598D02-1DE6-4220-B2A2-8DE16908CA50}.Debug|Any CPU.Build.0 = Debug|Any CPU
		{3B598D02-1DE6-4220-B2A2-8DE16908CA50}.Release|Any CPU.ActiveCfg = Release|Any CPU
		{3B598D02-1DE6-4220-B2A2-8DE16908CA50}.Release|Any CPU.Build.0 = Release|Any CPU
		{DD9E08DD-04A4-4724-B57C-25B18F9B1E55}.Debug|Any CPU.ActiveCfg = Debug|Any CPU
		{DD9E08DD-04A4-4724-B57C-25B18F9B1E55}.Debug|Any CPU.Build.0 = Debug|Any CPU
		{DD9E08DD-04A4-4724-B57C-25B18F9B1E55}.Release|Any CPU.ActiveCfg = Release|Any CPU
		{DD9E08DD-04A4-4724-B57C-25B18F9B1E55}.Release|Any CPU.Build.0 = Release|Any CPU
		{ACD53A04-759E-48E6-8FAE-F4786EFD19E2}.Debug|Any CPU.ActiveCfg = Debug|Any CPU
		{ACD53A04-759E-48E6-8FAE-F4786EFD19E2}.Debug|Any CPU.Build.0 = Debug|Any CPU
		{ACD53A04-759E-48E6-8FAE-F4786EFD19E2}.Release|Any CPU.ActiveCfg = Release|Any CPU
		{ACD53A04-759E-48E6-8FAE-F4786EFD19E2}.Release|Any CPU.Build.0 = Release|Any CPU
		{CD8C3DC2-C7A5-47DB-93DC-1ADFDE7C7171}.Debug|Any CPU.ActiveCfg = Debug|Any CPU
		{CD8C3DC2-C7A5-47DB-93DC-1ADFDE7C7171}.Debug|Any CPU.Build.0 = Debug|Any CPU
		{CD8C3DC2-C7A5-47DB-93DC-1ADFDE7C7171}.Release|Any CPU.ActiveCfg = Release|Any CPU
		{CD8C3DC2-C7A5-47DB-93DC-1ADFDE7C7171}.Release|Any CPU.Build.0 = Release|Any CPU
		{7EA7B1FB-784D-4117-B72A-B97F6822DFC1}.Debug|Any CPU.ActiveCfg = Debug|Any CPU
		{7EA7B1FB-784D-4117-B72A-B97F6822DFC1}.Debug|Any CPU.Build.0 = Debug|Any CPU
		{7EA7B1FB-784D-4117-B72A-B97F6822DFC1}.Release|Any CPU.ActiveCfg = Release|Any CPU
		{7EA7B1FB-784D-4117-B72A-B97F6822DFC1}.Release|Any CPU.Build.0 = Release|Any CPU
		{D2DEA39B-68F9-4140-8921-BEBA530ADFC2}.Debug|Any CPU.ActiveCfg = Debug|Any CPU
		{D2DEA39B-68F9-4140-8921-BEBA530ADFC2}.Debug|Any CPU.Build.0 = Debug|Any CPU
		{D2DEA39B-68F9-4140-8921-BEBA530ADFC2}.Release|Any CPU.ActiveCfg = Release|Any CPU
		{D2DEA39B-68F9-4140-8921-BEBA530ADFC2}.Release|Any CPU.Build.0 = Release|Any CPU
		{0109F43A-079D-4A54-A2A2-88213C69F078}.Debug|Any CPU.ActiveCfg = Debug|Any CPU
		{0109F43A-079D-4A54-A2A2-88213C69F078}.Debug|Any CPU.Build.0 = Debug|Any CPU
		{0109F43A-079D-4A54-A2A2-88213C69F078}.Release|Any CPU.ActiveCfg = Release|Any CPU
		{0109F43A-079D-4A54-A2A2-88213C69F078}.Release|Any CPU.Build.0 = Release|Any CPU
		{C1F97422-A3FD-4096-91D2-F529D2877325}.Debug|Any CPU.ActiveCfg = Debug|Any CPU
		{C1F97422-A3FD-4096-91D2-F529D2877325}.Debug|Any CPU.Build.0 = Debug|Any CPU
		{C1F97422-A3FD-4096-91D2-F529D2877325}.Release|Any CPU.ActiveCfg = Release|Any CPU
		{C1F97422-A3FD-4096-91D2-F529D2877325}.Release|Any CPU.Build.0 = Release|Any CPU
		{5AE9B472-CD4D-44CA-A0EE-E55AE704F9B0}.Debug|Any CPU.ActiveCfg = Debug|Any CPU
		{5AE9B472-CD4D-44CA-A0EE-E55AE704F9B0}.Debug|Any CPU.Build.0 = Debug|Any CPU
		{5AE9B472-CD4D-44CA-A0EE-E55AE704F9B0}.Release|Any CPU.ActiveCfg = Release|Any CPU
		{5AE9B472-CD4D-44CA-A0EE-E55AE704F9B0}.Release|Any CPU.Build.0 = Release|Any CPU
	EndGlobalSection
	GlobalSection(SolutionProperties) = preSolution
		HideSolutionNode = FALSE
	EndGlobalSection
	GlobalSection(NestedProjects) = preSolution
		{D0A026D4-028E-4A23-8F93-96F0562C3F91} = {3154D496-3115-4B1F-954B-121A4EF32AA1}
		{A6B04F6C-E07D-4045-BA82-6807630289CC} = {3154D496-3115-4B1F-954B-121A4EF32AA1}
		{19BBF931-9B15-499D-8F3C-5ECA8A205D90} = {855BBD89-0686-4492-847B-1C1C08300CFE}
		{D25DDDA3-8ACC-4A98-907A-99650690D626} = {855BBD89-0686-4492-847B-1C1C08300CFE}
		{B0D95E69-1C4F-4E16-9200-98F486800559} = {855BBD89-0686-4492-847B-1C1C08300CFE}
		{3B598D02-1DE6-4220-B2A2-8DE16908CA50} = {D81621F2-357A-4100-9982-6FD84CE170C0}
		{DD9E08DD-04A4-4724-B57C-25B18F9B1E55} = {D81621F2-357A-4100-9982-6FD84CE170C0}
		{ACD53A04-759E-48E6-8FAE-F4786EFD19E2} = {D81621F2-357A-4100-9982-6FD84CE170C0}
		{CD8C3DC2-C7A5-47DB-93DC-1ADFDE7C7171} = {58768F52-4BDA-4553-BE91-D881AE5243DB}
		{7EA7B1FB-784D-4117-B72A-B97F6822DFC1} = {58768F52-4BDA-4553-BE91-D881AE5243DB}
		{D2DEA39B-68F9-4140-8921-BEBA530ADFC2} = {58768F52-4BDA-4553-BE91-D881AE5243DB}
		{0109F43A-079D-4A54-A2A2-88213C69F078} = {3154D496-3115-4B1F-954B-121A4EF32AA1}
		{C1F97422-A3FD-4096-91D2-F529D2877325} = {3154D496-3115-4B1F-954B-121A4EF32AA1}
		{5AE9B472-CD4D-44CA-A0EE-E55AE704F9B0} = {58768F52-4BDA-4553-BE91-D881AE5243DB}
	EndGlobalSection
	GlobalSection(ExtensibilityGlobals) = postSolution
		SolutionGuid = {934FED87-1E95-468C-B90A-4A99C07DD422}
	EndGlobalSection
EndGlobal
